# generated by rye
# use `rye lock` or `rye sync` to update this lockfile
#
# last locked with the following flags:
#   pre: false
#   features: []
#   all-features: false
#   with-sources: false
#   generate-hashes: false
#   universal: false

-e file:.
duckdb==1.4.3
    # via morpho-blue
numpy==2.4.0
    # via morpho-blue
    # via pandas
pandas==2.3.3
    # via morpho-blue
pyarrow==22.0.0
    # via morpho-blue
python-dateutil==2.9.0.post0
    # via pandas
pytz==2025.2
    # via pandas
six==1.17.0
    # via python-dateutil
tzdata==2025.3
    # via pandas
